Microsoft Visual Studio Solution File, Format Version 11.00
# Visual Studio 2008

Project("{B1650B47-CB39-1309-DFFB-15555F688BDB}") = "unity_review", "Assembly-CSharp-firstpass.csproj", "{80A956AF-BEC0-A168-BC54-BFDB8EDF7C2B}"
EndProject
Project("{B1650B47-CB39-1309-DFFB-15555F688BDB}") = "unity_review", "Assembly-CSharp.csproj", "{2CC81748-5682-C779-348E-C6AA873C233A}"
EndProject
Project("{B1650B47-CB39-1309-DFFB-15555F688BDB}") = "unity_review", "Assembly-CSharp-Editor.csproj", "{8D6B203F-F9A3-500C-AA58-9C0AB2B8D589}"
EndProject
Project("{B1650B47-CB39-1309-DFFB-15555F688BDB}") = "unity_review", "Assembly-UnityScript-firstpass.unityproj", "{5BEFE154-383C-40D1-165E-34A868094165}"
EndProject
Project("{B1650B47-CB39-1309-DFFB-15555F688BDB}") = "unity_review", "Assembly-UnityScript-Editor.unityproj", "{19BB3F1B-3503-DB0F-37A7-C47C48C6B297}"
EndProject
Global
	GlobalSection(SolutionConfigurationPlatforms) = preSolution
		Debug|Any CPU = Debug|Any CPU
		Release|Any CPU = Release|Any CPU
	EndGlobalSection
	GlobalSection(ProjectConfigurationPlatforms) = postSolution
		{80A956AF-BEC0-A168-BC54-BFDB8EDF7C2B}.Debug|Any CPU.ActiveCfg = Debug|Any CPU
		{80A956AF-BEC0-A168-BC54-BFDB8EDF7C2B}.Debug|Any CPU.Build.0 = Debug|Any CPU
		{80A956AF-BEC0-A168-BC54-BFDB8EDF7C2B}.Release|Any CPU.ActiveCfg = Release|Any CPU
		{80A956AF-BEC0-A168-BC54-BFDB8EDF7C2B}.Release|Any CPU.Build.0 = Release|Any CPU
		{2CC81748-5682-C779-348E-C6AA873C233A}.Debug|Any CPU.ActiveCfg = Debug|Any CPU
		{2CC81748-5682-C779-348E-C6AA873C233A}.Debug|Any CPU.Build.0 = Debug|Any CPU
		{2CC81748-5682-C779-348E-C6AA873C233A}.Release|Any CPU.ActiveCfg = Release|Any CPU
		{2CC81748-5682-C779-348E-C6AA873C233A}.Release|Any CPU.Build.0 = Release|Any CPU
		{8D6B203F-F9A3-500C-AA58-9C0AB2B8D589}.Debug|Any CPU.ActiveCfg = Debug|Any CPU
		{8D6B203F-F9A3-500C-AA58-9C0AB2B8D589}.Debug|Any CPU.Build.0 = Debug|Any CPU
		{8D6B203F-F9A3-500C-AA58-9C0AB2B8D589}.Release|Any CPU.ActiveCfg = Release|Any CPU
		{8D6B203F-F9A3-500C-AA58-9C0AB2B8D589}.Release|Any CPU.Build.0 = Release|Any CPU
		{5BEFE154-383C-40D1-165E-34A868094165}.Debug|Any CPU.ActiveCfg = Debug|Any CPU
		{5BEFE154-383C-40D1-165E-34A868094165}.Debug|Any CPU.Build.0 = Debug|Any CPU
		{5BEFE154-383C-40D1-165E-34A868094165}.Release|Any CPU.ActiveCfg = Release|Any CPU
		{5BEFE154-383C-40D1-165E-34A868094165}.Release|Any CPU.Build.0 = Release|Any CPU
		{19BB3F1B-3503-DB0F-37A7-C47C48C6B297}.Debug|Any CPU.ActiveCfg = Debug|Any CPU
		{19BB3F1B-3503-DB0F-37A7-C47C48C6B297}.Debug|Any CPU.Build.0 = Debug|Any CPU
		{19BB3F1B-3503-DB0F-37A7-C47C48C6B297}.Release|Any CPU.ActiveCfg = Release|Any CPU
		{19BB3F1B-3503-DB0F-37A7-C47C48C6B297}.Release|Any CPU.Build.0 = Release|Any CPU
	EndGlobalSection
	GlobalSection(SolutionProperties) = preSolution
		HideSolutionNode = FALSE
	EndGlobalSection
								GlobalSection(MonoDevelopProperties) = preSolution
		StartupItem = Assembly-CSharp.csproj
		Policies = $0
		$0.TextStylePolicy = $1
		$1.inheritsSet = null
		$1.scope = text/x-csharp
		$0.CSharpFormattingPolicy = $2
		$2.inheritsSet = Mono
		$2.inheritsScope = text/x-csharp
		$2.scope = text/x-csharp
		$0.TextStylePolicy = $3
		$3.FileWidth = 120
		$3.TabWidth = 4
		$3.EolMarker = Unix
		$3.inheritsSet = Mono
		$3.inheritsScope = text/plain
		$3.scope = text/plain
	EndGlobalSection

EndGlobal
